{
  "version": 4,
  "terraform_version": "1.5.7",
  "serial": 2052,
  "lineage": "25e4717b-3eb2-caa9-a4d2-aaecd1e2623e",
  "outputs": {
    "test_vm_public_ip": {
      "value": "13.82.23.197",
      "type": "string"
    }
  },
  "resources": [
    {
      "mode": "managed",
      "type": "azurerm_linux_virtual_machine",
      "name": "test_vm",
      "provider": "provider[\"registry.terraform.io/hashicorp/azurerm\"]",
      "instances": [
        {
          "schema_version": 0,
          "attributes": {
            "additional_capabilities": [],
            "admin_password": null,
            "admin_ssh_key": [
              {
                "public_key": "ssh-rsa AAAAB3NzaC1yc2EAAAADAQABAAABgQDyiBBdBqCgqGJaFG20Oxl+BlVXxUyY/bVEXl3LqpWxtehcEoB0dyYacf/h/MdJbOwxoDO5HqNA5jS5bwViftoTiDAbr0er9bmLySYWxaRnAfUlP0QMoaEsYnL1YGxQkKT2nUPdgqqMQ21uaXvg0GLgybuytXMJyRD0RDQzVMhid7AG9y/eehaom6FZzbEQuGgKEsLUO6OmElZaUEPmeu+0zOs6ifD2F2NtAHuG1qyTvJ8F6pmMmM6IcbH1M9o9Yj7/c8Re7gWHI0uHUIwaPyt+0RxMm/85AcWK1TUUVaqXsPaUEmFLz2cmbYmBszFiCVr0kgcpsQpZLRZiLEkjKM7u+dZsxtlx4gbRc4xhfb7yjbwOO1Jyk5PbxpNMt0PClr3OeUflBaJJrEX1oXpWmUWOcfrsxvKsPJuLInvglHtBsIyCxDh4aNe/wTQZPUh3lP/7Fh7pPbQiMjEwdzGSoRr0M7zc111v7pHXWMe+6Jl4NZMfJccltZxNu7XeVX0Wa7U=\n",
                "username": "azureuser"
              }
            ],
            "admin_username": "azureuser",
            "allow_extension_operations": true,
            "availability_set_id": "",
            "boot_diagnostics": [],
            "bypass_platform_safety_checks_on_user_schedule_enabled": false,
            "capacity_reservation_group_id": "",
            "computer_name": "test-vm",
            "custom_data": null,
            "dedicated_host_group_id": "",
            "dedicated_host_id": "",
            "disable_password_authentication": true,
            "disk_controller_type": "SCSI",
            "edge_zone": "",
            "encryption_at_host_enabled": false,
            "eviction_policy": "",
            "extensions_time_budget": "PT1H30M",
            "gallery_application": [],
            "id": "/subscriptions/f9cde636-485e-43ba-9cf5-9d6763cc49b3/resourceGroups/test-new/providers/Microsoft.Compute/virtualMachines/test-vm",
            "identity": [],
            "license_type": "",
            "location": "eastus",
            "max_bid_price": -1,
            "name": "test-vm",
            "network_interface_ids": [
              "/subscriptions/f9cde636-485e-43ba-9cf5-9d6763cc49b3/resourceGroups/test-new/providers/Microsoft.Network/networkInterfaces/test-nic"
            ],
            "os_disk": [
              {
                "caching": "ReadWrite",
                "diff_disk_settings": [],
                "disk_encryption_set_id": "",
                "disk_size_gb": 100,
                "id": "/subscriptions/f9cde636-485e-43ba-9cf5-9d6763cc49b3/resourceGroups/test-new/providers/Microsoft.Compute/disks/test-vm_OsDisk_1_b903e1d6e5464c64aff68082ad735869",
                "name": "test-vm_OsDisk_1_b903e1d6e5464c64aff68082ad735869",
                "secure_vm_disk_encryption_set_id": "",
                "security_encryption_type": "",
                "storage_account_type": "Premium_LRS",
                "write_accelerator_enabled": false
              }
            ],
            "os_image_notification": [],
            "patch_assessment_mode": "ImageDefault",
            "patch_mode": "ImageDefault",
            "plan": [],
            "platform_fault_domain": -1,
            "priority": "Regular",
            "private_ip_address": "10.0.1.4",
            "private_ip_addresses": [
              "10.0.1.4"
            ],
            "provision_vm_agent": true,
            "proximity_placement_group_id": "",
            "public_ip_address": "13.82.23.197",
            "public_ip_addresses": [
              "13.82.23.197"
            ],
            "reboot_setting": "",
            "resource_group_name": "test-new",
            "secret": [],
            "secure_boot_enabled": false,
            "size": "Standard_B2ms",
            "source_image_id": "",
            "source_image_reference": [
              {
                "offer": "0001-com-ubuntu-server-jammy",
                "publisher": "Canonical",
                "sku": "22_04-lts-gen2",
                "version": "latest"
              }
            ],
            "tags": {
              "Name": "test-vm"
            },
            "termination_notification": null,
            "timeouts": null,
            "user_data": "",
            "virtual_machine_id": "fab20ee2-0995-4dec-899a-251b3e4903da",
            "virtual_machine_scale_set_id": "",
            "vm_agent_platform_updates_enabled": false,
            "vtpm_enabled": false,
            "zone": ""
          },
          "sensitive_attributes": [],
          "private": "eyJlMmJmYjczMC1lY2FhLTExZTYtOGY4OC0zNDM2M2JjN2M0YzAiOnsiY3JlYXRlIjoyNzAwMDAwMDAwMDAwLCJkZWxldGUiOjI3MDAwMDAwMDAwMDAsInJlYWQiOjMwMDAwMDAwMDAwMCwidXBkYXRlIjoyNzAwMDAwMDAwMDAwfX0=",
          "dependencies": [
            "azurerm_network_interface.test_nic",
            "azurerm_resource_group.test"
          ]
        }
      ]
    },
    {
      "mode": "managed",
      "type": "azurerm_network_interface",
      "name": "test_nic",
      "provider": "provider[\"registry.terraform.io/hashicorp/azurerm\"]",
      "instances": [
        {
          "schema_version": 0,
          "attributes": {
            "accelerated_networking_enabled": false,
            "applied_dns_servers": [],
            "auxiliary_mode": "",
            "auxiliary_sku": "",
            "dns_servers": [],
            "edge_zone": "",
            "id": "/subscriptions/f9cde636-485e-43ba-9cf5-9d6763cc49b3/resourceGroups/test-new/providers/Microsoft.Network/networkInterfaces/test-nic",
            "internal_dns_name_label": "",
            "internal_domain_name_suffix": "3mo3agvltqte3ahvfvg0axht0f.bx.internal.cloudapp.net",
            "ip_configuration": [
              {
                "gateway_load_balancer_frontend_ip_configuration_id": "",
                "name": "test-ip",
                "primary": true,
                "private_ip_address": "10.0.1.4",
                "private_ip_address_allocation": "Dynamic",
                "private_ip_address_version": "IPv4",
                "public_ip_address_id": "/subscriptions/f9cde636-485e-43ba-9cf5-9d6763cc49b3/resourceGroups/test-new/providers/Microsoft.Network/publicIPAddresses/test-public-ip",
                "subnet_id": "/subscriptions/f9cde636-485e-43ba-9cf5-9d6763cc49b3/resourceGroups/test-new/providers/Microsoft.Network/virtualNetworks/test-vnet/subnets/test-subnet"
              }
            ],
            "ip_forwarding_enabled": false,
            "location": "eastus",
            "mac_address": "7C-1E-52-82-6C-20",
            "name": "test-nic",
            "private_ip_address": "10.0.1.4",
            "private_ip_addresses": [
              "10.0.1.4"
            ],
            "resource_group_name": "test-new",
            "tags": {},
            "timeouts": null,
            "virtual_machine_id": "/subscriptions/f9cde636-485e-43ba-9cf5-9d6763cc49b3/resourceGroups/test-new/providers/Microsoft.Compute/virtualMachines/test-vm"
          },
          "sensitive_attributes": [],
          "private": "eyJlMmJmYjczMC1lY2FhLTExZTYtOGY4OC0zNDM2M2JjN2M0YzAiOnsiY3JlYXRlIjoxODAwMDAwMDAwMDAwLCJkZWxldGUiOjE4MDAwMDAwMDAwMDAsInJlYWQiOjMwMDAwMDAwMDAwMCwidXBkYXRlIjoxODAwMDAwMDAwMDAwfX0=",
          "dependencies": [
            "azurerm_public_ip.test_pip",
            "azurerm_resource_group.test",
            "azurerm_subnet.test_subnet",
            "azurerm_virtual_network.test_vnet"
          ]
        }
      ]
    },
    {
      "mode": "managed",
      "type": "azurerm_network_interface_security_group_association",
      "name": "test_nic_nsg_assoc",
      "provider": "provider[\"registry.terraform.io/hashicorp/azurerm\"]",
      "instances": [
        {
          "schema_version": 0,
          "attributes": {
            "id": "/subscriptions/f9cde636-485e-43ba-9cf5-9d6763cc49b3/resourceGroups/test-new/providers/Microsoft.Network/networkInterfaces/test-nic|/subscriptions/f9cde636-485e-43ba-9cf5-9d6763cc49b3/resourceGroups/test-new/providers/Microsoft.Network/networkSecurityGroups/test-nsg",
            "network_interface_id": "/subscriptions/f9cde636-485e-43ba-9cf5-9d6763cc49b3/resourceGroups/test-new/providers/Microsoft.Network/networkInterfaces/test-nic",
            "network_security_group_id": "/subscriptions/f9cde636-485e-43ba-9cf5-9d6763cc49b3/resourceGroups/test-new/providers/Microsoft.Network/networkSecurityGroups/test-nsg",
            "timeouts": null
          },
          "sensitive_attributes": [],
          "private": "eyJlMmJmYjczMC1lY2FhLTExZTYtOGY4OC0zNDM2M2JjN2M0YzAiOnsiY3JlYXRlIjoxODAwMDAwMDAwMDAwLCJkZWxldGUiOjE4MDAwMDAwMDAwMDAsInJlYWQiOjMwMDAwMDAwMDAwMH19",
          "dependencies": [
            "azurerm_network_interface.test_nic",
            "azurerm_network_security_group.test_nsg",
            "azurerm_public_ip.test_pip",
            "azurerm_resource_group.test",
            "azurerm_subnet.test_subnet",
            "azurerm_virtual_network.test_vnet"
          ]
        }
      ]
    },
    {
      "mode": "managed",
      "type": "azurerm_network_security_group",
      "name": "test_nsg",
      "provider": "provider[\"registry.terraform.io/hashicorp/azurerm\"]",
      "instances": [
        {
          "schema_version": 0,
          "attributes": {
            "id": "/subscriptions/f9cde636-485e-43ba-9cf5-9d6763cc49b3/resourceGroups/test-new/providers/Microsoft.Network/networkSecurityGroups/test-nsg",
            "location": "eastus",
            "name": "test-nsg",
            "resource_group_name": "test-new",
            "security_rule": [
              {
                "access": "Allow",
                "description": "",
                "destination_address_prefix": "*",
                "destination_address_prefixes": [],
                "destination_application_security_group_ids": [],
                "destination_port_range": "22",
                "destination_port_ranges": [],
                "direction": "Inbound",
                "name": "allow-ssh",
                "priority": 100,
                "protocol": "Tcp",
                "source_address_prefix": "*",
                "source_address_prefixes": [],
                "source_application_security_group_ids": [],
                "source_port_range": "*",
                "source_port_ranges": []
              }
            ],
            "tags": {},
            "timeouts": null
          },
          "sensitive_attributes": [],
          "private": "eyJlMmJmYjczMC1lY2FhLTExZTYtOGY4OC0zNDM2M2JjN2M0YzAiOnsiY3JlYXRlIjoxODAwMDAwMDAwMDAwLCJkZWxldGUiOjE4MDAwMDAwMDAwMDAsInJlYWQiOjMwMDAwMDAwMDAwMCwidXBkYXRlIjoxODAwMDAwMDAwMDAwfX0=",
          "dependencies": [
            "azurerm_resource_group.test"
          ]
        }
      ]
    },
    {
      "mode": "managed",
      "type": "azurerm_network_security_rule",
      "name": "allow_ssh",
      "provider": "provider[\"registry.terraform.io/hashicorp/azurerm\"]",
      "instances": [
        {
          "schema_version": 0,
          "attributes": {
            "access": "Allow",
            "description": "",
            "destination_address_prefix": "*",
            "destination_address_prefixes": [],
            "destination_application_security_group_ids": [],
            "destination_port_range": "22",
            "destination_port_ranges": [],
            "direction": "Inbound",
            "id": "/subscriptions/f9cde636-485e-43ba-9cf5-9d6763cc49b3/resourceGroups/test-new/providers/Microsoft.Network/networkSecurityGroups/test-nsg/securityRules/allow-ssh",
            "name": "allow-ssh",
            "network_security_group_name": "test-nsg",
            "priority": 100,
            "protocol": "Tcp",
            "resource_group_name": "test-new",
            "source_address_prefix": "*",
            "source_address_prefixes": [],
            "source_application_security_group_ids": [],
            "source_port_range": "*",
            "source_port_ranges": [],
            "timeouts": null
          },
          "sensitive_attributes": [],
          "private": "eyJlMmJmYjczMC1lY2FhLTExZTYtOGY4OC0zNDM2M2JjN2M0YzAiOnsiY3JlYXRlIjoxODAwMDAwMDAwMDAwLCJkZWxldGUiOjE4MDAwMDAwMDAwMDAsInJlYWQiOjMwMDAwMDAwMDAwMCwidXBkYXRlIjoxODAwMDAwMDAwMDAwfX0=",
          "dependencies": [
            "azurerm_network_security_group.test_nsg",
            "azurerm_resource_group.test"
          ]
        }
      ]
    },
    {
      "mode": "managed",
      "type": "azurerm_public_ip",
      "name": "test_pip",
      "provider": "provider[\"registry.terraform.io/hashicorp/azurerm\"]",
      "instances": [
        {
          "schema_version": 0,
          "attributes": {
            "allocation_method": "Static",
            "ddos_protection_mode": "VirtualNetworkInherited",
            "ddos_protection_plan_id": null,
            "domain_name_label": null,
            "domain_name_label_scope": null,
            "edge_zone": "",
            "fqdn": null,
            "id": "/subscriptions/f9cde636-485e-43ba-9cf5-9d6763cc49b3/resourceGroups/test-new/providers/Microsoft.Network/publicIPAddresses/test-public-ip",
            "idle_timeout_in_minutes": 4,
            "ip_address": "13.82.23.197",
            "ip_tags": {},
            "ip_version": "IPv4",
            "location": "eastus",
            "name": "test-public-ip",
            "public_ip_prefix_id": null,
            "resource_group_name": "test-new",
            "reverse_fqdn": null,
            "sku": "Standard",
            "sku_tier": "Regional",
            "tags": {},
            "timeouts": null,
            "zones": []
          },
          "sensitive_attributes": [],
          "private": "eyJlMmJmYjczMC1lY2FhLTExZTYtOGY4OC0zNDM2M2JjN2M0YzAiOnsiY3JlYXRlIjoxODAwMDAwMDAwMDAwLCJkZWxldGUiOjE4MDAwMDAwMDAwMDAsInJlYWQiOjMwMDAwMDAwMDAwMCwidXBkYXRlIjoxODAwMDAwMDAwMDAwfX0=",
          "dependencies": [
            "azurerm_resource_group.test"
          ]
        }
      ]
    },
    {
      "mode": "managed",
      "type": "azurerm_resource_group",
      "name": "test",
      "provider": "provider[\"registry.terraform.io/hashicorp/azurerm\"]",
      "instances": [
        {
          "schema_version": 0,
          "attributes": {
            "id": "/subscriptions/f9cde636-485e-43ba-9cf5-9d6763cc49b3/resourceGroups/test-new",
            "location": "eastus",
            "managed_by": "",
            "name": "test-new",
            "tags": {},
            "timeouts": null
          },
          "sensitive_attributes": [],
          "private": "eyJlMmJmYjczMC1lY2FhLTExZTYtOGY4OC0zNDM2M2JjN2M0YzAiOnsiY3JlYXRlIjo1NDAwMDAwMDAwMDAwLCJkZWxldGUiOjU0MDAwMDAwMDAwMDAsInJlYWQiOjMwMDAwMDAwMDAwMCwidXBkYXRlIjo1NDAwMDAwMDAwMDAwfX0="
        }
      ]
    },
    {
      "mode": "managed",
      "type": "azurerm_subnet",
      "name": "test_subnet",
      "provider": "provider[\"registry.terraform.io/hashicorp/azurerm\"]",
      "instances": [
        {
          "schema_version": 0,
          "attributes": {
            "address_prefixes": [
              "10.0.1.0/24"
            ],
            "default_outbound_access_enabled": true,
            "delegation": [],
            "id": "/subscriptions/f9cde636-485e-43ba-9cf5-9d6763cc49b3/resourceGroups/test-new/providers/Microsoft.Network/virtualNetworks/test-vnet/subnets/test-subnet",
            "name": "test-subnet",
            "private_endpoint_network_policies": "Disabled",
            "private_link_service_network_policies_enabled": true,
            "resource_group_name": "test-new",
            "service_endpoint_policy_ids": [],
            "service_endpoints": [],
            "timeouts": null,
            "virtual_network_name": "test-vnet"
          },
          "sensitive_attributes": [],
          "private": "eyJlMmJmYjczMC1lY2FhLTExZTYtOGY4OC0zNDM2M2JjN2M0YzAiOnsiY3JlYXRlIjoxODAwMDAwMDAwMDAwLCJkZWxldGUiOjE4MDAwMDAwMDAwMDAsInJlYWQiOjMwMDAwMDAwMDAwMCwidXBkYXRlIjoxODAwMDAwMDAwMDAwfX0=",
          "dependencies": [
            "azurerm_resource_group.test",
            "azurerm_virtual_network.test_vnet"
          ]
        }
      ]
    },
    {
      "mode": "managed",
      "type": "azurerm_virtual_network",
      "name": "test_vnet",
      "provider": "provider[\"registry.terraform.io/hashicorp/azurerm\"]",
      "instances": [
        {
          "schema_version": 0,
          "attributes": {
            "address_space": [
              "10.0.0.0/16"
            ],
            "bgp_community": "",
            "ddos_protection_plan": [],
            "dns_servers": [],
            "edge_zone": "",
            "encryption": [],
            "flow_timeout_in_minutes": 0,
            "guid": "1ad01deb-9cab-4e26-80f5-2d4da05cf3d5",
            "id": "/subscriptions/f9cde636-485e-43ba-9cf5-9d6763cc49b3/resourceGroups/test-new/providers/Microsoft.Network/virtualNetworks/test-vnet",
            "location": "eastus",
            "name": "test-vnet",
            "private_endpoint_vnet_policies": "Disabled",
            "resource_group_name": "test-new",
            "subnet": [
              {
                "address_prefixes": [
                  "10.0.1.0/24"
                ],
                "default_outbound_access_enabled": true,
                "delegation": [],
                "id": "/subscriptions/f9cde636-485e-43ba-9cf5-9d6763cc49b3/resourceGroups/test-new/providers/Microsoft.Network/virtualNetworks/test-vnet/subnets/test-subnet",
                "name": "test-subnet",
                "private_endpoint_network_policies": "Disabled",
                "private_link_service_network_policies_enabled": true,
                "route_table_id": "",
                "security_group": "",
                "service_endpoint_policy_ids": [],
                "service_endpoints": []
              }
            ],
            "tags": {},
            "timeouts": null
          },
          "sensitive_attributes": [],
          "private": "eyJlMmJmYjczMC1lY2FhLTExZTYtOGY4OC0zNDM2M2JjN2M0YzAiOnsiY3JlYXRlIjoxODAwMDAwMDAwMDAwLCJkZWxldGUiOjE4MDAwMDAwMDAwMDAsInJlYWQiOjMwMDAwMDAwMDAwMCwidXBkYXRlIjoxODAwMDAwMDAwMDAwfX0=",
          "dependencies": [
            "azurerm_resource_group.test"
          ]
        }
      ]
    },
    {
      "mode": "managed",
      "type": "null_resource",
      "name": "ansible_playbook",
      "provider": "provider[\"registry.terraform.io/hashicorp/null\"]",
      "instances": [
        {
          "schema_version": 0,
          "attributes": {
            "id": "783984938733979243",
            "triggers": null
          },
          "sensitive_attributes": [],
          "dependencies": [
            "azurerm_linux_virtual_machine.test_vm",
            "azurerm_network_interface.test_nic",
            "azurerm_public_ip.test_pip",
            "azurerm_resource_group.test"
          ]
        }
      ]
    }
  ],
  "check_results": null
}
